
Microsoft Visual Studio Solution File, Format Version 12.00
# Visual Studio Version 17
VisualStudioVersion = 17.14.36518.9 d17.14
MinimumVisualStudioVersion = 10.0.40219.1
Project("{FAE04EC0-301F-11D3-BF4B-00C04F79EFBC}") = "LANAuthServer", "LANAuthServer\LANAuthServer.csproj", "{00BEB6BF-405E-46C2-8684-1035C59D55BC}"
EndProject
Project("{FAE04EC0-301F-11D3-BF4B-00C04F79EFBC}") = "LANAuthClient", "LANAuthClient\LANAuthClient.csproj", "{92069CB2-D1E9-4F5B-AAC0-3D6A893D9DDA}"
EndProject
Global
	GlobalSection(SolutionConfigurationPlatforms) = preSolution
		Debug|Any CPU = Debug|Any CPU
		Release|Any CPU = Release|Any CPU
	EndGlobalSection
	GlobalSection(ProjectConfigurationPlatforms) = postSolution
		{00BEB6BF-405E-46C2-8684-1035C59D55BC}.Debug|Any CPU.ActiveCfg = Debug|Any CPU
		{00BEB6BF-405E-46C2-8684-1035C59D55BC}.Debug|Any CPU.Build.0 = Debug|Any CPU
		{00BEB6BF-405E-46C2-8684-1035C59D55BC}.Release|Any CPU.ActiveCfg = Release|Any CPU
		{00BEB6BF-405E-46C2-8684-1035C59D55BC}.Release|Any CPU.Build.0 = Release|Any CPU
		{92069CB2-D1E9-4F5B-AAC0-3D6A893D9DDA}.Debug|Any CPU.ActiveCfg = Debug|Any CPU
		{92069CB2-D1E9-4F5B-AAC0-3D6A893D9DDA}.Debug|Any CPU.Build.0 = Debug|Any CPU
		{92069CB2-D1E9-4F5B-AAC0-3D6A893D9DDA}.Release|Any CPU.ActiveCfg = Release|Any CPU
		{92069CB2-D1E9-4F5B-AAC0-3D6A893D9DDA}.Release|Any CPU.Build.0 = Release|Any CPU
	EndGlobalSection
	GlobalSection(SolutionProperties) = preSolution
		HideSolutionNode = FALSE
	EndGlobalSection
	GlobalSection(ExtensibilityGlobals) = postSolution
		SolutionGuid = {8FA3DE64-AAE4-4C09-BD42-062DF4A782EA}
	EndGlobalSection
EndGlobal
